// !$*UTF8*$!
{
	archiveVersion = 1;
	classes = {
	};
	objectVersion = 46;
	objects = {

/* Begin PBXBuildFile section */
		37376D0A1BF973A900CAA4B3 /* BTBaseViewController.m in Sources */ = {isa = PBXBuildFile; fileRef = 37376D071BF973A900CAA4B3 /* BTBaseViewController.m */; };
		37376D0B1BF973A900CAA4B3 /* BTMainViewController.m in Sources */ = {isa = PBXBuildFile; fileRef = 37376D091BF973A900CAA4B3 /* BTMainViewController.m */; };
		37434E741BFDDD6D007688A2 /* Security.framework in Frameworks */ = {isa = PBXBuildFile; fileRef = 37434E731BFDDD6D007688A2 /* Security.framework */; };
		37434E761BFDDD76007688A2 /* ImageIO.framework in Frameworks */ = {isa = PBXBuildFile; fileRef = 37434E751BFDDD76007688A2 /* ImageIO.framework */; };
		37434E781BFDDD84007688A2 /* SystemConfiguration.framework in Frameworks */ = {isa = PBXBuildFile; fileRef = 37434E771BFDDD84007688A2 /* SystemConfiguration.framework */; };
		37434E7A1BFDDD8D007688A2 /* CFNetwork.framework in Frameworks */ = {isa = PBXBuildFile; fileRef = 37434E791BFDDD8D007688A2 /* CFNetwork.framework */; };
		37A84CBC1C05915500EBE2AE /* goodNormal.png in Resources */ = {isa = PBXBuildFile; fileRef = 37A84CBA1C05915500EBE2AE /* goodNormal.png */; };
		37A84CBD1C05915500EBE2AE /* goodSelect.png in Resources */ = {isa = PBXBuildFile; fileRef = 37A84CBB1C05915500EBE2AE /* goodSelect.png */; };
		37A84CBF1C0598B900EBE2AE /* backGround.png in Resources */ = {isa = PBXBuildFile; fileRef = 37A84CBE1C0598B900EBE2AE /* backGround.png */; };
		37B91E201BFEC7F100C0ED9D /* Communication.m in Sources */ = {isa = PBXBuildFile; fileRef = 37B91E1F1BFEC7F100C0ED9D /* Communication.m */; };
		37C703A41BF9621100AE2EA4 /* main.m in Sources */ = {isa = PBXBuildFile; fileRef = 37C703A31BF9621100AE2EA4 /* main.m */; };
		37C703A71BF9621100AE2EA4 /* AppDelegate.m in Sources */ = {isa = PBXBuildFile; fileRef = 37C703A61BF9621100AE2EA4 /* AppDelegate.m */; };
		37C703AF1BF9621100AE2EA4 /* Images.xcassets in Resources */ = {isa = PBXBuildFile; fileRef = 37C703AE1BF9621100AE2EA4 /* Images.xcassets */; };
		37C703BE1BF9621100AE2EA4 /* BOUTIKClientTests.m in Sources */ = {isa = PBXBuildFile; fileRef = 37C703BD1BF9621100AE2EA4 /* BOUTIKClientTests.m */; };
		37E72C0E1C04707300643D9E /* CommunicationConfig.m in Sources */ = {isa = PBXBuildFile; fileRef = 37E72C0D1C04707300643D9E /* CommunicationConfig.m */; };
		37E72C131C04C33600643D9E /* tokePhoto.png in Resources */ = {isa = PBXBuildFile; fileRef = 37E72C121C04C33600643D9E /* tokePhoto.png */; };
		37E72C151C04C85900643D9E /* back.png in Resources */ = {isa = PBXBuildFile; fileRef = 37E72C141C04C85900643D9E /* back.png */; };
		37E87C761BFAFF870047E429 /* BTModel.m in Sources */ = {isa = PBXBuildFile; fileRef = 37E87C751BFAFF870047E429 /* BTModel.m */; };
		37E87C791BFB13E90047E429 /* BTDetailViewController.m in Sources */ = {isa = PBXBuildFile; fileRef = 37E87C781BFB13E90047E429 /* BTDetailViewController.m */; };
		37E87C801BFB34E60047E429 /* 1.png in Resources */ = {isa = PBXBuildFile; fileRef = 37E87C7B1BFB34E60047E429 /* 1.png */; };
		37E87C811BFB34E60047E429 /* 2.png in Resources */ = {isa = PBXBuildFile; fileRef = 37E87C7C1BFB34E60047E429 /* 2.png */; };
		37E87C821BFB34E60047E429 /* 3.png in Resources */ = {isa = PBXBuildFile; fileRef = 37E87C7D1BFB34E60047E429 /* 3.png */; };
		37E87C831BFB34E60047E429 /* 4.png in Resources */ = {isa = PBXBuildFile; fileRef = 37E87C7E1BFB34E60047E429 /* 4.png */; };
		37E87C841BFB34E60047E429 /* 5.png in Resources */ = {isa = PBXBuildFile; fileRef = 37E87C7F1BFB34E60047E429 /* 5.png */; };
		3E76FC75467151A465C251C7 /* libPods.a in Frameworks */ = {isa = PBXBuildFile; fileRef = CC1EF5DC35133A3F2DDC2A8F /* libPods.a */; };
/* End PBXBuildFile section */

/* Begin PBXContainerItemProxy section */
		37C703B81BF9621100AE2EA4 /* PBXContainerItemProxy */ = {
			isa = PBXContainerItemProxy;
			containerPortal = 37C703961BF9621100AE2EA4 /* Project object */;
			proxyType = 1;
			remoteGlobalIDString = 37C7039D1BF9621100AE2EA4;
			remoteInfo = BOUTIKClient;
		};
/* End PBXContainerItemProxy section */

/* Begin PBXFileReference section */
		37376D061BF973A900CAA4B3 /* BTBaseViewController.h */ = {isa = PBXFileReference; fileEncoding = 4; lastKnownFileType = sourcecode.c.h; path = BTBaseViewController.h; sourceTree = "<group>"; };
		37376D071BF973A900CAA4B3 /* BTBaseViewController.m */ = {isa = PBXFileReference; fileEncoding = 4; lastKnownFileType = sourcecode.c.objc; path = BTBaseViewController.m; sourceTree = "<group>"; };
		37376D081BF973A900CAA4B3 /* BTMainViewController.h */ = {isa = PBXFileReference; fileEncoding = 4; lastKnownFileType = sourcecode.c.h; path = BTMainViewController.h; sourceTree = "<group>"; };
		37376D091BF973A900CAA4B3 /* BTMainViewController.m */ = {isa = PBXFileReference; fileEncoding = 4; lastKnownFileType = sourcecode.c.objc; path = BTMainViewController.m; sourceTree = "<group>"; };
		37434E731BFDDD6D007688A2 /* Security.framework */ = {isa = PBXFileReference; lastKnownFileType = wrapper.framework; name = Security.framework; path = System/Library/Frameworks/Security.framework; sourceTree = SDKROOT; };
		37434E751BFDDD76007688A2 /* ImageIO.framework */ = {isa = PBXFileReference; lastKnownFileType = wrapper.framework; name = ImageIO.framework; path = System/Library/Frameworks/ImageIO.framework; sourceTree = SDKROOT; };
		37434E771BFDDD84007688A2 /* SystemConfiguration.framework */ = {isa = PBXFileReference; lastKnownFileType = wrapper.framework; name = SystemConfiguration.framework; path = System/Library/Frameworks/SystemConfiguration.framework; sourceTree = SDKROOT; };
		37434E791BFDDD8D007688A2 /* CFNetwork.framework */ = {isa = PBXFileReference; lastKnownFileType = wrapper.framework; name = CFNetwork.framework; path = System/Library/Frameworks/CFNetwork.framework; sourceTree = SDKROOT; };
		37A84CBA1C05915500EBE2AE /* goodNormal.png */ = {isa = PBXFileReference; lastKnownFileType = image.png; path = goodNormal.png; sourceTree = "<group>"; };
		37A84CBB1C05915500EBE2AE /* goodSelect.png */ = {isa = PBXFileReference; lastKnownFileType = image.png; path = goodSelect.png; sourceTree = "<group>"; };
		37A84CBE1C0598B900EBE2AE /* backGround.png */ = {isa = PBXFileReference; lastKnownFileType = image.png; path = backGround.png; sourceTree = "<group>"; };
		37B91E1E1BFEC7F100C0ED9D /* Communication.h */ = {isa = PBXFileReference; fileEncoding = 4; lastKnownFileType = sourcecode.c.h; path = Communication.h; sourceTree = "<group>"; };
		37B91E1F1BFEC7F100C0ED9D /* Communication.m */ = {isa = PBXFileReference; fileEncoding = 4; lastKnownFileType = sourcecode.c.objc; path = Communication.m; sourceTree = "<group>"; };
		37C7039E1BF9621100AE2EA4 /* BOUTIKClient.app */ = {isa = PBXFileReference; explicitFileType = wrapper.application; includeInIndex = 0; path = BOUTIKClient.app; sourceTree = BUILT_PRODUCTS_DIR; };
		37C703A21BF9621100AE2EA4 /* BoutikInfo.plist */ = {isa = PBXFileReference; lastKnownFileType = text.plist.xml; path = BoutikInfo.plist; sourceTree = "<group>"; };
		37C703A31BF9621100AE2EA4 /* main.m */ = {isa = PBXFileReference; lastKnownFileType = sourcecode.c.objc; path = main.m; sourceTree = "<group>"; };
		37C703A51BF9621100AE2EA4 /* AppDelegate.h */ = {isa = PBXFileReference; lastKnownFileType = sourcecode.c.h; path = AppDelegate.h; sourceTree = "<group>"; };
		37C703A61BF9621100AE2EA4 /* AppDelegate.m */ = {isa = PBXFileReference; lastKnownFileType = sourcecode.c.objc; path = AppDelegate.m; sourceTree = "<group>"; };
		37C703AE1BF9621100AE2EA4 /* Images.xcassets */ = {isa = PBXFileReference; lastKnownFileType = folder.assetcatalog; path = Images.xcassets; sourceTree = "<group>"; };
		37C703B71BF9621100AE2EA4 /* BOUTIKClientTests.xctest */ = {isa = PBXFileReference; explicitFileType = wrapper.cfbundle; includeInIndex = 0; path = BOUTIKClientTests.xctest; sourceTree = BUILT_PRODUCTS_DIR; };
		37C703BC1BF9621100AE2EA4 /* Info.plist */ = {isa = PBXFileReference; lastKnownFileType = text.plist.xml; path = Info.plist; sourceTree = "<group>"; };
		37C703BD1BF9621100AE2EA4 /* BOUTIKClientTests.m */ = {isa = PBXFileReference; lastKnownFileType = sourcecode.c.objc; path = BOUTIKClientTests.m; sourceTree = "<group>"; };
		37C703CB1BF968F400AE2EA4 /* BTGlobalVariable.h */ = {isa = PBXFileReference; lastKnownFileType = sourcecode.c.h; path = BTGlobalVariable.h; sourceTree = "<group>"; };
		37C703CC1BF96BBA00AE2EA4 /* BoutikPrefixHeader.pch */ = {isa = PBXFileReference; fileEncoding = 4; lastKnownFileType = sourcecode.c.h; name = BoutikPrefixHeader.pch; path = ../BoutikPrefixHeader.pch; sourceTree = "<group>"; };
		37E72C0C1C04707300643D9E /* CommunicationConfig.h */ = {isa = PBXFileReference; fileEncoding = 4; lastKnownFileType = sourcecode.c.h; path = CommunicationConfig.h; sourceTree = "<group>"; };
		37E72C0D1C04707300643D9E /* CommunicationConfig.m */ = {isa = PBXFileReference; fileEncoding = 4; lastKnownFileType = sourcecode.c.objc; path = CommunicationConfig.m; sourceTree = "<group>"; };
		37E72C121C04C33600643D9E /* tokePhoto.png */ = {isa = PBXFileReference; lastKnownFileType = image.png; path = tokePhoto.png; sourceTree = "<group>"; };
		37E72C141C04C85900643D9E /* back.png */ = {isa = PBXFileReference; lastKnownFileType = image.png; path = back.png; sourceTree = "<group>"; };
		37E87C741BFAFF870047E429 /* BTModel.h */ = {isa = PBXFileReference; fileEncoding = 4; lastKnownFileType = sourcecode.c.h; name = BTModel.h; path = BOUTIKClient/Models/BTModel.h; sourceTree = SOURCE_ROOT; };
		37E87C751BFAFF870047E429 /* BTModel.m */ = {isa = PBXFileReference; fileEncoding = 4; lastKnownFileType = sourcecode.c.objc; name = BTModel.m; path = BOUTIKClient/Models/BTModel.m; sourceTree = SOURCE_ROOT; };
		37E87C771BFB13E90047E429 /* BTDetailViewController.h */ = {isa = PBXFileReference; fileEncoding = 4; lastKnownFileType = sourcecode.c.h; path = BTDetailViewController.h; sourceTree = "<group>"; };
		37E87C781BFB13E90047E429 /* BTDetailViewController.m */ = {isa = PBXFileReference; fileEncoding = 4; lastKnownFileType = sourcecode.c.objc; path = BTDetailViewController.m; sourceTree = "<group>"; };
		37E87C7B1BFB34E60047E429 /* 1.png */ = {isa = PBXFileReference; lastKnownFileType = image.png; path = 1.png; sourceTree = "<group>"; };
		37E87C7C1BFB34E60047E429 /* 2.png */ = {isa = PBXFileReference; lastKnownFileType = image.png; path = 2.png; sourceTree = "<group>"; };
		37E87C7D1BFB34E60047E429 /* 3.png */ = {isa = PBXFileReference; lastKnownFileType = image.png; path = 3.png; sourceTree = "<group>"; };
		37E87C7E1BFB34E60047E429 /* 4.png */ = {isa = PBXFileReference; lastKnownFileType = image.png; path = 4.png; sourceTree = "<group>"; };
		37E87C7F1BFB34E60047E429 /* 5.png */ = {isa = PBXFileReference; lastKnownFileType = image.png; path = 5.png; sourceTree = "<group>"; };
		85B87C9539B7F57C50BA05AB /* Pods.release.xcconfig */ = {isa = PBXFileReference; includeInIndex = 1; lastKnownFileType = text.xcconfig; name = Pods.release.xcconfig; path = "Pods/Target Support Files/Pods/Pods.release.xcconfig"; sourceTree = "<group>"; };
		CC1EF5DC35133A3F2DDC2A8F /* libPods.a */ = {isa = PBXFileReference; explicitFileType = archive.ar; includeInIndex = 0; path = libPods.a; sourceTree = BUILT_PRODUCTS_DIR; };
		ECFB83DBB338C600F5C90B9F /* Pods.debug.xcconfig */ = {isa = PBXFileReference; includeInIndex = 1; lastKnownFileType = text.xcconfig; name = Pods.debug.xcconfig; path = "Pods/Target Support Files/Pods/Pods.debug.xcconfig"; sourceTree = "<group>"; };
/* End PBXFileReference section */

/* Begin PBXFrameworksBuildPhase section */
		37C7039B1BF9621100AE2EA4 /* Frameworks */ = {
			isa = PBXFrameworksBuildPhase;
			buildActionMask = 2147483647;
			files = (
				37434E7A1BFDDD8D007688A2 /* CFNetwork.framework in Frameworks */,
				37434E781BFDDD84007688A2 /* SystemConfiguration.framework in Frameworks */,
				37434E761BFDDD76007688A2 /* ImageIO.framework in Frameworks */,
				37434E741BFDDD6D007688A2 /* Security.framework in Frameworks */,
				3E76FC75467151A465C251C7 /* libPods.a in Frameworks */,
			);
			runOnlyForDeploymentPostprocessing = 0;
		};
		37C703B41BF9621100AE2EA4 /* Frameworks */ = {
			isa = PBXFrameworksBuildPhase;
			buildActionMask = 2147483647;
			files = (
			);
			runOnlyForDeploymentPostprocessing = 0;
		};
/* End PBXFrameworksBuildPhase section */

/* Begin PBXGroup section */
		37376CFF1BF9727E00CAA4B3 /* Models */ = {
			isa = PBXGroup;
			children = (
				37E87C741BFAFF870047E429 /* BTModel.h */,
				37E87C751BFAFF870047E429 /* BTModel.m */,
			);
			path = Models;
			sourceTree = "<group>";
		};
		37376D001BF972A200CAA4B3 /* BTTransaction */ = {
			isa = PBXGroup;
			children = (
				37E72C0C1C04707300643D9E /* CommunicationConfig.h */,
				37E72C0D1C04707300643D9E /* CommunicationConfig.m */,
				37B91E1E1BFEC7F100C0ED9D /* Communication.h */,
				37B91E1F1BFEC7F100C0ED9D /* Communication.m */,
			);
			path = BTTransaction;
			sourceTree = "<group>";
		};
		37376D011BF972C900CAA4B3 /* Resource */ = {
			isa = PBXGroup;
			children = (
				37A84CBE1C0598B900EBE2AE /* backGround.png */,
				37A84CBA1C05915500EBE2AE /* goodNormal.png */,
				37A84CBB1C05915500EBE2AE /* goodSelect.png */,
				37E72C141C04C85900643D9E /* back.png */,
				37E72C121C04C33600643D9E /* tokePhoto.png */,
				37E87C7B1BFB34E60047E429 /* 1.png */,
				37E87C7C1BFB34E60047E429 /* 2.png */,
				37E87C7D1BFB34E60047E429 /* 3.png */,
				37E87C7E1BFB34E60047E429 /* 4.png */,
				37E87C7F1BFB34E60047E429 /* 5.png */,
			);
			path = Resource;
			sourceTree = "<group>";
		};
		37376D021BF972E200CAA4B3 /* Third_Pary_Lib */ = {
			isa = PBXGroup;
			children = (
			);
			path = Third_Pary_Lib;
			sourceTree = "<group>";
		};
		37376D031BF9730800CAA4B3 /* Common */ = {
			isa = PBXGroup;
			children = (
			);
			path = Common;
			sourceTree = "<group>";
		};
		37376D041BF973A900CAA4B3 /* ViewControllers */ = {
			isa = PBXGroup;
			children = (
				37376D051BF973A900CAA4B3 /* BaseViewController */,
				37376D081BF973A900CAA4B3 /* BTMainViewController.h */,
				37376D091BF973A900CAA4B3 /* BTMainViewController.m */,
				37E87C771BFB13E90047E429 /* BTDetailViewController.h */,
				37E87C781BFB13E90047E429 /* BTDetailViewController.m */,
			);
			path = ViewControllers;
			sourceTree = "<group>";
		};
		37376D051BF973A900CAA4B3 /* BaseViewController */ = {
			isa = PBXGroup;
			children = (
				37376D061BF973A900CAA4B3 /* BTBaseViewController.h */,
				37376D071BF973A900CAA4B3 /* BTBaseViewController.m */,
			);
			path = BaseViewController;
			sourceTree = "<group>";
		};
		37C703951BF9621100AE2EA4 = {
			isa = PBXGroup;
			children = (
				37434E791BFDDD8D007688A2 /* CFNetwork.framework */,
				37434E771BFDDD84007688A2 /* SystemConfiguration.framework */,
				37434E751BFDDD76007688A2 /* ImageIO.framework */,
				37434E731BFDDD6D007688A2 /* Security.framework */,
				37C703A01BF9621100AE2EA4 /* BOUTIKClient */,
				37C703BA1BF9621100AE2EA4 /* BOUTIKClientTests */,
				37C7039F1BF9621100AE2EA4 /* Products */,
				3DC99A424FE3B52D7552D520 /* Pods */,
				F952925A70806D2FD42BC4E7 /* Frameworks */,
			);
			sourceTree = "<group>";
		};
		37C7039F1BF9621100AE2EA4 /* Products */ = {
			isa = PBXGroup;
			children = (
				37C7039E1BF9621100AE2EA4 /* BOUTIKClient.app */,
				37C703B71BF9621100AE2EA4 /* BOUTIKClientTests.xctest */,
			);
			name = Products;
			sourceTree = "<group>";
		};
		37C703A01BF9621100AE2EA4 /* BOUTIKClient */ = {
			isa = PBXGroup;
			children = (
				37376D041BF973A900CAA4B3 /* ViewControllers */,
				37376D031BF9730800CAA4B3 /* Common */,
				37376D021BF972E200CAA4B3 /* Third_Pary_Lib */,
				37376D011BF972C900CAA4B3 /* Resource */,
				37376D001BF972A200CAA4B3 /* BTTransaction */,
				37376CFF1BF9727E00CAA4B3 /* Models */,
				37C703A51BF9621100AE2EA4 /* AppDelegate.h */,
				37C703A61BF9621100AE2EA4 /* AppDelegate.m */,
				37C703CB1BF968F400AE2EA4 /* BTGlobalVariable.h */,
				37C703AE1BF9621100AE2EA4 /* Images.xcassets */,
				37C703CC1BF96BBA00AE2EA4 /* BoutikPrefixHeader.pch */,
				37C703A11BF9621100AE2EA4 /* Supporting Files */,
			);
			path = BOUTIKClient;
			sourceTree = "<group>";
		};
		37C703A11BF9621100AE2EA4 /* Supporting Files */ = {
			isa = PBXGroup;
			children = (
				37C703A21BF9621100AE2EA4 /* BoutikInfo.plist */,
				37C703A31BF9621100AE2EA4 /* main.m */,
			);
			name = "Supporting Files";
			sourceTree = "<group>";
		};
		37C703BA1BF9621100AE2EA4 /* BOUTIKClientTests */ = {
			isa = PBXGroup;
			children = (
				37C703BD1BF9621100AE2EA4 /* BOUTIKClientTests.m */,
				37C703BB1BF9621100AE2EA4 /* Supporting Files */,
			);
			path = BOUTIKClientTests;
			sourceTree = "<group>";
		};
		37C703BB1BF9621100AE2EA4 /* Supporting Files */ = {
			isa = PBXGroup;
			children = (
				37C703BC1BF9621100AE2EA4 /* Info.plist */,
			);
			name = "Supporting Files";
			sourceTree = "<group>";
		};
		3DC99A424FE3B52D7552D520 /* Pods */ = {
			isa = PBXGroup;
			children = (
				ECFB83DBB338C600F5C90B9F /* Pods.debug.xcconfig */,
				85B87C9539B7F57C50BA05AB /* Pods.release.xcconfig */,
			);
			name = Pods;
			sourceTree = "<group>";
		};
		F952925A70806D2FD42BC4E7 /* Frameworks */ = {
			isa = PBXGroup;
			children = (
				CC1EF5DC35133A3F2DDC2A8F /* libPods.a */,
			);
			name = Frameworks;
			sourceTree = "<group>";
		};
/* End PBXGroup section */

/* Begin PBXNativeTarget section */
		37C7039D1BF9621100AE2EA4 /* BOUTIKClient */ = {
			isa = PBXNativeTarget;
			buildConfigurationList = 37C703C11BF9621100AE2EA4 /* Build configuration list for PBXNativeTarget "BOUTIKClient" */;
			buildPhases = (
				09B99FDA569AFC4583CCA04A /* Check Pods Manifest.lock */,
				37C7039A1BF9621100AE2EA4 /* Sources */,
				37C7039B1BF9621100AE2EA4 /* Frameworks */,
				37C7039C1BF9621100AE2EA4 /* Resources */,
				A60CA52EE18B34CEE6C9E3C0 /* Copy Pods Resources */,
			);
			buildRules = (
			);
			dependencies = (
			);
			name = BOUTIKClient;
			productName = BOUTIKClient;
			productReference = 37C7039E1BF9621100AE2EA4 /* BOUTIKClient.app */;
			productType = "com.apple.product-type.application";
		};
		37C703B61BF9621100AE2EA4 /* BOUTIKClientTests */ = {
			isa = PBXNativeTarget;
			buildConfigurationList = 37C703C41BF9621100AE2EA4 /* Build configuration list for PBXNativeTarget "BOUTIKClientTests" */;
			buildPhases = (
				37C703B31BF9621100AE2EA4 /* Sources */,
				37C703B41BF9621100AE2EA4 /* Frameworks */,
				37C703B51BF9621100AE2EA4 /* Resources */,
			);
			buildRules = (
			);
			dependencies = (
				37C703B91BF9621100AE2EA4 /* PBXTargetDependency */,
			);
			name = BOUTIKClientTests;
			productName = BOUTIKClientTests;
			productReference = 37C703B71BF9621100AE2EA4 /* BOUTIKClientTests.xctest */;
			productType = "com.apple.product-type.bundle.unit-test";
		};
/* End PBXNativeTarget section */

/* Begin PBXProject section */
		37C703961BF9621100AE2EA4 /* Project object */ = {
			isa = PBXProject;
			attributes = {
				LastUpgradeCheck = 0640;
				ORGANIZATIONNAME = kent;
				TargetAttributes = {
					37C7039D1BF9621100AE2EA4 = {
						CreatedOnToolsVersion = 6.4;
					};
					37C703B61BF9621100AE2EA4 = {
						CreatedOnToolsVersion = 6.4;
						TestTargetID = 37C7039D1BF9621100AE2EA4;
					};
				};
			};
			buildConfigurationList = 37C703991BF9621100AE2EA4 /* Build configuration list for PBXProject "BOUTIKClient" */;
			compatibilityVersion = "Xcode 3.2";
			developmentRegion = English;
			hasScannedForEncodings = 0;
			knownRegions = (
				en,
				Base,
			);
			mainGroup = 37C703951BF9621100AE2EA4;
			productRefGroup = 37C7039F1BF9621100AE2EA4 /* Products */;
			projectDirPath = "";
			projectRoot = "";
			targets = (
				37C7039D1BF9621100AE2EA4 /* BOUTIKClient */,
				37C703B61BF9621100AE2EA4 /* BOUTIKClientTests */,
			);
		};
/* End PBXProject section */

/* Begin PBXResourcesBuildPhase section */
		37C7039C1BF9621100AE2EA4 /* Resources */ = {
			isa = PBXResourcesBuildPhase;
			buildActionMask = 2147483647;
			files = (
				37C703AF1BF9621100AE2EA4 /* Images.xcassets in Resources */,
				37E87C831BFB34E60047E429 /* 4.png in Resources */,
				37E87C801BFB34E60047E429 /* 1.png in Resources */,
				37E87C811BFB34E60047E429 /* 2.png in Resources */,
				37E72C151C04C85900643D9E /* back.png in Resources */,
				37E72C131C04C33600643D9E /* tokePhoto.png in Resources */,
				37E87C821BFB34E60047E429 /* 3.png in Resources */,
				37A84CBC1C05915500EBE2AE /* goodNormal.png in Resources */,
				37A84CBF1C0598B900EBE2AE /* backGround.png in Resources */,
				37A84CBD1C05915500EBE2AE /* goodSelect.png in Resources */,
				37E87C841BFB34E60047E429 /* 5.png in Resources */,
			);
			runOnlyForDeploymentPostprocessing = 0;
		};
		37C703B51BF9621100AE2EA4 /* Resources */ = {
			isa = PBXResourcesBuildPhase;
			buildActionMask = 2147483647;
			files = (
			);
			runOnlyForDeploymentPostprocessing = 0;
		};
/* End PBXResourcesBuildPhase section */

/* Begin PBXShellScriptBuildPhase section */
		09B99FDA569AFC4583CCA04A /* Check Pods Manifest.lock */ = {
			isa = PBXShellScriptBuildPhase;
			buildActionMask = 2147483647;
			files = (
			);
			inputPaths = (
			);
			name = "Check Pods Manifest.lock";
			outputPaths = (
			);
			runOnlyForDeploymentPostprocessing = 0;
			shellPath = /bin/sh;
			shellScript = "diff \"${PODS_ROOT}/../Podfile.lock\" \"${PODS_ROOT}/Manifest.lock\" > /dev/null\nif [[ $? != 0 ]] ; then\n    cat << EOM\nerror: The sandbox is not in sync with the Podfile.lock. Run 'pod install' or update your CocoaPods installation.\nEOM\n    exit 1\nfi\n";
			showEnvVarsInLog = 0;
		};
		A60CA52EE18B34CEE6C9E3C0 /* Copy Pods Resources */ = {
			isa = PBXShellScriptBuildPhase;
			buildActionMask = 2147483647;
			files = (
			);
			inputPaths = (
			);
			name = "Copy Pods Resources";
			outputPaths = (
			);
			runOnlyForDeploymentPostprocessing = 0;
			shellPath = /bin/sh;
			shellScript = "\"${SRCROOT}/Pods/Target Support Files/Pods/Pods-resources.sh\"\n";
			showEnvVarsInLog = 0;
		};
/* End PBXShellScriptBuildPhase section */

/* Begin PBXSourcesBuildPhase section */
		37C7039A1BF9621100AE2EA4 /* Sources */ = {
			isa = PBXSourcesBuildPhase;
			buildActionMask = 2147483647;
			files = (
				37376D0A1BF973A900CAA4B3 /* BTBaseViewController.m in Sources */,
				37C703A71BF9621100AE2EA4 /* AppDelegate.m in Sources */,
				37E87C761BFAFF870047E429 /* BTModel.m in Sources */,
				37C703A41BF9621100AE2EA4 /* main.m in Sources */,
				37E72C0E1C04707300643D9E /* CommunicationConfig.m in Sources */,
				37376D0B1BF973A900CAA4B3 /* BTMainViewController.m in Sources */,
				37E87C791BFB13E90047E429 /* BTDetailViewController.m in Sources */,
				37B91E201BFEC7F100C0ED9D /* Communication.m in Sources */,
			);
			runOnlyForDeploymentPostprocessing = 0;
		};
		37C703B31BF9621100AE2EA4 /* Sources */ = {
			isa = PBXSourcesBuildPhase;
			buildActionMask = 2147483647;
			files = (
				37C703BE1BF9621100AE2EA4 /* BOUTIKClientTests.m in Sources */,
			);
			runOnlyForDeploymentPostprocessing = 0;
		};
/* End PBXSourcesBuildPhase section */

/* Begin PBXTargetDependency section */
		37C703B91BF9621100AE2EA4 /* PBXTargetDependency */ = {
			isa = PBXTargetDependency;
			target = 37C7039D1BF9621100AE2EA4 /* BOUTIKClient */;
			targetProxy = 37C703B81BF9621100AE2EA4 /* PBXContainerItemProxy */;
		};
/* End PBXTargetDependency section */

/* Begin XCBuildConfiguration section */
		37C703BF1BF9621100AE2EA4 /* Debug */ = {
			isa = XCBuildConfiguration;
			buildSettings = {
				ALWAYS_SEARCH_USER_PATHS = NO;
				CLANG_CXX_LANGUAGE_STANDARD = "gnu++0x";
				CLANG_CXX_LIBRARY = "libc++";
				CLANG_ENABLE_MODULES = YES;
				CLANG_ENABLE_OBJC_ARC = YES;
				CLANG_WARN_BOOL_CONVERSION = YES;
				CLANG_WARN_CONSTANT_CONVERSION = YES;
				CLANG_WARN_DIRECT_OBJC_ISA_USAGE = YES_ERROR;
				CLANG_WARN_EMPTY_BODY = YES;
				CLANG_WARN_ENUM_CONVERSION = YES;
				CLANG_WARN_INT_CONVERSION = YES;
				CLANG_WARN_OBJC_ROOT_CLASS = YES_ERROR;
				CLANG_WARN_UNREACHABLE_CODE = YES;
				CLANG_WARN__DUPLICATE_METHOD_MATCH = YES;
				"CODE_SIGN_IDENTITY[sdk=iphoneos*]" = "iPhone Developer";
				COPY_PHASE_STRIP = NO;
				DEBUG_INFORMATION_FORMAT = "dwarf-with-dsym";
				ENABLE_STRICT_OBJC_MSGSEND = YES;
				GCC_C_LANGUAGE_STANDARD = gnu99;
				GCC_DYNAMIC_NO_PIC = NO;
				GCC_NO_COMMON_BLOCKS = YES;
				GCC_OPTIMIZATION_LEVEL = 0;
				GCC_PREPROCESSOR_DEFINITIONS = (
					"DEBUG=1",
					"$(inherited)",
				);
				GCC_SYMBOLS_PRIVATE_EXTERN = NO;
				GCC_WARN_64_TO_32_BIT_CONVERSION = YES;
				GCC_WARN_ABOUT_RETURN_TYPE = YES_ERROR;
				GCC_WARN_UNDECLARED_SELECTOR = YES;
				GCC_WARN_UNINITIALIZED_AUTOS = YES_AGGRESSIVE;
				GCC_WARN_UNUSED_FUNCTION = YES;
				GCC_WARN_UNUSED_VARIABLE = YES;
				IPHONEOS_DEPLOYMENT_TARGET = 8.4;
				MTL_ENABLE_DEBUG_INFO = YES;
				ONLY_ACTIVE_ARCH = YES;
				SDKROOT = iphoneos;
				TARGETED_DEVICE_FAMILY = "1,2";
			};
			name = Debug;
		};
		37C703C01BF9621100AE2EA4 /* Release */ = {
			isa = XCBuildConfiguration;
			buildSettings = {
				ALWAYS_SEARCH_USER_PATHS = NO;
				CLANG_CXX_LANGUAGE_STANDARD = "gnu++0x";
				CLANG_CXX_LIBRARY = "libc++";
				CLANG_ENABLE_MODULES = YES;
				CLANG_ENABLE_OBJC_ARC = YES;
				CLANG_WARN_BOOL_CONVERSION = YES;
				CLANG_WARN_CONSTANT_CONVERSION = YES;
				CLANG_WARN_DIRECT_OBJC_ISA_USAGE = YES_ERROR;
				CLANG_WARN_EMPTY_BODY = YES;
				CLANG_WARN_ENUM_CONVERSION = YES;
				CLANG_WARN_INT_CONVERSION = YES;
				CLANG_WARN_OBJC_ROOT_CLASS = YES_ERROR;
				CLANG_WARN_UNREACHABLE_CODE = YES;
				CLANG_WARN__DUPLICATE_METHOD_MATCH = YES;
				"CODE_SIGN_IDENTITY[sdk=iphoneos*]" = "iPhone Developer";
				COPY_PHASE_STRIP = NO;
				DEBUG_INFORMATION_FORMAT = "dwarf-with-dsym";
				ENABLE_NS_ASSERTIONS = NO;
				ENABLE_STRICT_OBJC_MSGSEND = YES;
				GCC_C_LANGUAGE_STANDARD = gnu99;
				GCC_NO_COMMON_BLOCKS = YES;
				GCC_WARN_64_TO_32_BIT_CONVERSION = YES;
				GCC_WARN_ABOUT_RETURN_TYPE = YES_ERROR;
				GCC_WARN_UNDECLARED_SELECTOR = YES;
				GCC_WARN_UNINITIALIZED_AUTOS = YES_AGGRESSIVE;
				GCC_WARN_UNUSED_FUNCTION = YES;
				GCC_WARN_UNUSED_VARIABLE = YES;
				IPHONEOS_DEPLOYMENT_TARGET = 8.4;
				MTL_ENABLE_DEBUG_INFO = NO;
				SDKROOT = iphoneos;
				TARGETED_DEVICE_FAMILY = "1,2";
				VALIDATE_PRODUCT = YES;
			};
			name = Release;
		};
		37C703C21BF9621100AE2EA4 /* Debug */ = {
			isa = XCBuildConfiguration;
			baseConfigurationReference = ECFB83DBB338C600F5C90B9F /* Pods.debug.xcconfig */;
			buildSettings = {
				ASSETCATALOG_COMPILER_APPICON_NAME = AppIcon;
				ASSETCATALOG_COMPILER_LAUNCHIMAGE_NAME = LaunchImage;
				GCC_PREFIX_HEADER = BoutikPrefixHeader.pch;
				INFOPLIST_FILE = BOUTIKClient/BoutikInfo.plist;
				IPHONEOS_DEPLOYMENT_TARGET = 6.0;
				LD_RUNPATH_SEARCH_PATHS = "$(inherited) @executable_path/Frameworks";
				PRODUCT_BUNDLE_IDENTIFIER = com.boutik.BOUTIKClient;
				PRODUCT_NAME = "$(TARGET_NAME)";
				PROVISIONING_PROFILE = "d29bec75-434a-40b1-b949-ad69c5913144";
				TARGETED_DEVICE_FAMILY = 1;
			};
			name = Debug;
		};
		37C703C31BF9621100AE2EA4 /* Release */ = {
			isa = XCBuildConfiguration;
			baseConfigurationReference = 85B87C9539B7F57C50BA05AB /* Pods.release.xcconfig */;
			buildSettings = {
				ASSETCATALOG_COMPILER_APPICON_NAME = AppIcon;
				ASSETCATALOG_COMPILER_LAUNCHIMAGE_NAME = LaunchImage;
				GCC_PREFIX_HEADER = BoutikPrefixHeader.pch;
				INFOPLIST_FILE = BOUTIKClient/BoutikInfo.plist;
				IPHONEOS_DEPLOYMENT_TARGET = 6.0;
				LD_RUNPATH_SEARCH_PATHS = "$(inherited) @executable_path/Frameworks";
				PRODUCT_BUNDLE_IDENTIFIER = com.boutik.BOUTIKClient;
				PRODUCT_NAME = "$(TARGET_NAME)";
				PROVISIONING_PROFILE = "d29bec75-434a-40b1-b949-ad69c5913144";
				TARGETED_DEVICE_FAMILY = 1;
			};
			name = Release;
		};
		37C703C51BF9621100AE2EA4 /* Debug */ = {
			isa = XCBuildConfiguration;
			buildSettings = {
				BUNDLE_LOADER = "$(TEST_HOST)";
				FRAMEWORK_SEARCH_PATHS = (
					"$(SDKROOT)/Developer/Library/Frameworks",
					"$(inherited)",
				);
				GCC_PREPROCESSOR_DEFINITIONS = (
					"DEBUG=1",
					"$(inherited)",
				);
				INFOPLIST_FILE = BOUTIKClientTests/Info.plist;
				LD_RUNPATH_SEARCH_PATHS = "$(inherited) @executable_path/Frameworks @loader_path/Frameworks";
				PRODUCT_NAME = "$(TARGET_NAME)";
				TEST_HOST = "$(BUILT_PRODUCTS_DIR)/BOUTIKClient.app/BOUTIKClient";
			};
			name = Debug;
		};
		37C703C61BF9621100AE2EA4 /* Release */ = {
			isa = XCBuildConfiguration;
			buildSettings = {
				BUNDLE_LOADER = "$(TEST_HOST)";
				FRAMEWORK_SEARCH_PATHS = (
					"$(SDKROOT)/Developer/Library/Frameworks",
					"$(inherited)",
				);
				INFOPLIST_FILE = BOUTIKClientTests/Info.plist;
				LD_RUNPATH_SEARCH_PATHS = "$(inherited) @executable_path/Frameworks @loader_path/Frameworks";
				PRODUCT_NAME = "$(TARGET_NAME)";
				TEST_HOST = "$(BUILT_PRODUCTS_DIR)/BOUTIKClient.app/BOUTIKClient";
			};
			name = Release;
		};
/* End XCBuildConfiguration section */

/* Begin XCConfigurationList section */
		37C703991BF9621100AE2EA4 /* Build configuration list for PBXProject "BOUTIKClient" */ = {
			isa = XCConfigurationList;
			buildConfigurations = (
				37C703BF1BF9621100AE2EA4 /* Debug */,
				37C703C01BF9621100AE2EA4 /* Release */,
			);
			defaultConfigurationIsVisible = 0;
			defaultConfigurationName = Release;
		};
		37C703C11BF9621100AE2EA4 /* Build configuration list for PBXNativeTarget "BOUTIKClient" */ = {
			isa = XCConfigurationList;
			buildConfigurations = (
				37C703C21BF9621100AE2EA4 /* Debug */,
				37C703C31BF9621100AE2EA4 /* Release */,
			);
			defaultConfigurationIsVisible = 0;
			defaultConfigurationName = Release;
		};
		37C703C41BF9621100AE2EA4 /* Build configuration list for PBXNativeTarget "BOUTIKClientTests" */ = {
			isa = XCConfigurationList;
			buildConfigurations = (
				37C703C51BF9621100AE2EA4 /* Debug */,
				37C703C61BF9621100AE2EA4 /* Release */,
			);
			defaultConfigurationIsVisible = 0;
			defaultConfigurationName = Release;
		};
/* End XCConfigurationList section */
	};
	rootObject = 37C703961BF9621100AE2EA4 /* Project object */;
}
